// !$*UTF8*$!
{
	archiveVersion = 1;
	classes = {
	};
	objectVersion = 50;
	objects = {

/* Begin PBXBuildFile section */
		526C9F1423A32952007F10A3 /* AppDelegate.swift in Sources */ = {isa = PBXBuildFile; fileRef = 526C9F1323A32952007F10A3 /* AppDelegate.swift */; };
		526C9F1823A32952007F10A3 /* ViewController.swift in Sources */ = {isa = PBXBuildFile; fileRef = 526C9F1723A32952007F10A3 /* ViewController.swift */; };
		526C9F1B23A32952007F10A3 /* Main.storyboard in Resources */ = {isa = PBXBuildFile; fileRef = 526C9F1923A32952007F10A3 /* Main.storyboard */; };
		526C9F1D23A32956007F10A3 /* Assets.xcassets in Resources */ = {isa = PBXBuildFile; fileRef = 526C9F1C23A32956007F10A3 /* Assets.xcassets */; };
		526C9F2023A32956007F10A3 /* LaunchScreen.storyboard in Resources */ = {isa = PBXBuildFile; fileRef = 526C9F1E23A32956007F10A3 /* LaunchScreen.storyboard */; };
		526C9F2923A329B7007F10A3 /* LandscapeViewController.swift in Sources */ = {isa = PBXBuildFile; fileRef = 526C9F2723A329B7007F10A3 /* LandscapeViewController.swift */; };
		526C9F2A23A329B7007F10A3 /* LandscapeViewController.xib in Resources */ = {isa = PBXBuildFile; fileRef = 526C9F2823A329B7007F10A3 /* LandscapeViewController.xib */; };
		526C9F2D23A33718007F10A3 /* RootViewControllerInitial.swift in Sources */ = {isa = PBXBuildFile; fileRef = 526C9F2B23A33718007F10A3 /* RootViewControllerInitial.swift */; };
		526C9F2E23A33718007F10A3 /* RootTabBarViewController.swift in Sources */ = {isa = PBXBuildFile; fileRef = 526C9F2C23A33718007F10A3 /* RootTabBarViewController.swift */; };
		526C9F3123A3382E007F10A3 /* HomeViewController.swift in Sources */ = {isa = PBXBuildFile; fileRef = 526C9F2F23A3382E007F10A3 /* HomeViewController.swift */; };
		526C9F3223A3382E007F10A3 /* HomeViewController.xib in Resources */ = {isa = PBXBuildFile; fileRef = 526C9F3023A3382E007F10A3 /* HomeViewController.xib */; };
/* End PBXBuildFile section */

/* Begin PBXFileReference section */
		526C9F1023A32952007F10A3 /* Landscape.app */ = {isa = PBXFileReference; explicitFileType = wrapper.application; includeInIndex = 0; path = Landscape.app; sourceTree = BUILT_PRODUCTS_DIR; };
		526C9F1323A32952007F10A3 /* AppDelegate.swift */ = {isa = PBXFileReference; lastKnownFileType = sourcecode.swift; path = AppDelegate.swift; sourceTree = "<group>"; };
		526C9F1723A32952007F10A3 /* ViewController.swift */ = {isa = PBXFileReference; lastKnownFileType = sourcecode.swift; path = ViewController.swift; sourceTree = "<group>"; };
		526C9F1A23A32952007F10A3 /* Base */ = {isa = PBXFileReference; lastKnownFileType = file.storyboard; name = Base; path = Base.lproj/Main.storyboard; sourceTree = "<group>"; };
		526C9F1C23A32956007F10A3 /* Assets.xcassets */ = {isa = PBXFileReference; lastKnownFileType = folder.assetcatalog; path = Assets.xcassets; sourceTree = "<group>"; };
		526C9F1F23A32956007F10A3 /* Base */ = {isa = PBXFileReference; lastKnownFileType = file.storyboard; name = Base; path = Base.lproj/LaunchScreen.storyboard; sourceTree = "<group>"; };
		526C9F2123A32956007F10A3 /* Info.plist */ = {isa = PBXFileReference; lastKnownFileType = text.plist.xml; path = Info.plist; sourceTree = "<group>"; };
		526C9F2723A329B7007F10A3 /* LandscapeViewController.swift */ = {isa = PBXFileReference; lastKnownFileType = sourcecode.swift; path = LandscapeViewController.swift; sourceTree = "<group>"; };
		526C9F2823A329B7007F10A3 /* LandscapeViewController.xib */ = {isa = PBXFileReference; lastKnownFileType = file.xib; path = LandscapeViewController.xib; sourceTree = "<group>"; };
		526C9F2B23A33718007F10A3 /* RootViewControllerInitial.swift */ = {isa = PBXFileReference; fileEncoding = 4; lastKnownFileType = sourcecode.swift; path = RootViewControllerInitial.swift; sourceTree = "<group>"; };
		526C9F2C23A33718007F10A3 /* RootTabBarViewController.swift */ = {isa = PBXFileReference; fileEncoding = 4; lastKnownFileType = sourcecode.swift; path = RootTabBarViewController.swift; sourceTree = "<group>"; };
		526C9F2F23A3382E007F10A3 /* HomeViewController.swift */ = {isa = PBXFileReference; lastKnownFileType = sourcecode.swift; path = HomeViewController.swift; sourceTree = "<group>"; };
		526C9F3023A3382E007F10A3 /* HomeViewController.xib */ = {isa = PBXFileReference; lastKnownFileType = file.xib; path = HomeViewController.xib; sourceTree = "<group>"; };
/* End PBXFileReference section */

/* Begin PBXFrameworksBuildPhase section */
		526C9F0D23A32952007F10A3 /* Frameworks */ = {
			isa = PBXFrameworksBuildPhase;
			buildActionMask = 2147483647;
			files = (
			);
			runOnlyForDeploymentPostprocessing = 0;
		};
/* End PBXFrameworksBuildPhase section */

/* Begin PBXGroup section */
		526C9F0723A32951007F10A3 = {
			isa = PBXGroup;
			children = (
				526C9F1223A32952007F10A3 /* Landscape */,
				526C9F1123A32952007F10A3 /* Products */,
			);
			sourceTree = "<group>";
		};
		526C9F1123A32952007F10A3 /* Products */ = {
			isa = PBXGroup;
			children = (
				526C9F1023A32952007F10A3 /* Landscape.app */,
			);
			name = Products;
			sourceTree = "<group>";
		};
		526C9F1223A32952007F10A3 /* Landscape */ = {
			isa = PBXGroup;
			children = (
				526C9F1323A32952007F10A3 /* AppDelegate.swift */,
				526C9F2C23A33718007F10A3 /* RootTabBarViewController.swift */,
				526C9F2B23A33718007F10A3 /* RootViewControllerInitial.swift */,
				526C9F2F23A3382E007F10A3 /* HomeViewController.swift */,
				526C9F3023A3382E007F10A3 /* HomeViewController.xib */,
				526C9F1723A32952007F10A3 /* ViewController.swift */,
				526C9F2723A329B7007F10A3 /* LandscapeViewController.swift */,
				526C9F2823A329B7007F10A3 /* LandscapeViewController.xib */,
				526C9F1923A32952007F10A3 /* Main.storyboard */,
				526C9F1C23A32956007F10A3 /* Assets.xcassets */,
				526C9F1E23A32956007F10A3 /* LaunchScreen.storyboard */,
				526C9F2123A32956007F10A3 /* Info.plist */,
			);
			path = Landscape;
			sourceTree = "<group>";
		};
/* End PBXGroup section */

/* Begin PBXNativeTarget section */
		526C9F0F23A32952007F10A3 /* Landscape */ = {
			isa = PBXNativeTarget;
			buildConfigurationList = 526C9F2423A32956007F10A3 /* Build configuration list for PBXNativeTarget "Landscape" */;
			buildPhases = (
				526C9F0C23A32952007F10A3 /* Sources */,
				526C9F0D23A32952007F10A3 /* Frameworks */,
				526C9F0E23A32952007F10A3 /* Resources */,
			);
			buildRules = (
			);
			dependencies = (
			);
			name = Landscape;
			productName = Landscape;
			productReference = 526C9F1023A32952007F10A3 /* Landscape.app */;
			productType = "com.apple.product-type.application";
		};
/* End PBXNativeTarget section */

/* Begin PBXProject section */
		526C9F0823A32951007F10A3 /* Project object */ = {
			isa = PBXProject;
			attributes = {
				LastSwiftUpdateCheck = 1110;
				LastUpgradeCheck = 1110;
				ORGANIZATIONNAME = BaQiWL;
				TargetAttributes = {
					526C9F0F23A32952007F10A3 = {
						CreatedOnToolsVersion = 11.1;
					};
				};
			};
			buildConfigurationList = 526C9F0B23A32951007F10A3 /* Build configuration list for PBXProject "Landscape" */;
			compatibilityVersion = "Xcode 9.3";
			developmentRegion = en;
			hasScannedForEncodings = 0;
			knownRegions = (
				en,
				Base,
			);
			mainGroup = 526C9F0723A32951007F10A3;
			productRefGroup = 526C9F1123A32952007F10A3 /* Products */;
			projectDirPath = "";
			projectRoot = "";
			targets = (
				526C9F0F23A32952007F10A3 /* Landscape */,
			);
		};
/* End PBXProject section */

/* Begin PBXResourcesBuildPhase section */
		526C9F0E23A32952007F10A3 /* Resources */ = {
			isa = PBXResourcesBuildPhase;
			buildActionMask = 2147483647;
			files = (
				526C9F2023A32956007F10A3 /* LaunchScreen.storyboard in Resources */,
				526C9F1D23A32956007F10A3 /* Assets.xcassets in Resources */,
				526C9F3223A3382E007F10A3 /* HomeViewController.xib in Resources */,
				526C9F2A23A329B7007F10A3 /* LandscapeViewController.xib in Resources */,
				526C9F1B23A32952007F10A3 /* Main.storyboard in Resources */,
			);
			runOnlyForDeploymentPostprocessing = 0;
		};
/* End PBXResourcesBuildPhase section */

/* Begin PBXSourcesBuildPhase section */
		526C9F0C23A32952007F10A3 /* Sources */ = {
			isa = PBXSourcesBuildPhase;
			buildActionMask = 2147483647;
			files = (
				526C9F1823A32952007F10A3 /* ViewController.swift in Sources */,
				526C9F2923A329B7007F10A3 /* LandscapeViewController.swift in Sources */,
				526C9F2E23A33718007F10A3 /* RootTabBarViewController.swift in Sources */,
				526C9F1423A32952007F10A3 /* AppDelegate.swift in Sources */,
				526C9F2D23A33718007F10A3 /* RootViewControllerInitial.swift in Sources */,
				526C9F3123A3382E007F10A3 /* HomeViewController.swift in Sources */,
			);
			runOnlyForDeploymentPostprocessing = 0;
		};
/* End PBXSourcesBuildPhase section */

/* Begin PBXVariantGroup section */
		526C9F1923A32952007F10A3 /* Main.storyboard */ = {
			isa = PBXVariantGroup;
			children = (
				526C9F1A23A32952007F10A3 /* Base */,
			);
			name = Main.storyboard;
			sourceTree = "<group>";
		};
		526C9F1E23A32956007F10A3 /* LaunchScreen.storyboard */ = {
			isa = PBXVariantGroup;
			children = (
				526C9F1F23A32956007F10A3 /* Base */,
			);
			name = LaunchScreen.storyboard;
			sourceTree = "<group>";
		};
/* End PBXVariantGroup section */

/* Begin XCBuildConfiguration section */
		526C9F2223A32956007F10A3 /* Debug */ = {
			isa = XCBuildConfiguration;
			buildSettings = {
				ALWAYS_SEARCH_USER_PATHS = NO;
				CLANG_ANALYZER_NONNULL = YES;
				CLANG_ANALYZER_NUMBER_OBJECT_CONVERSION = YES_AGGRESSIVE;
				CLANG_CXX_LANGUAGE_STANDARD = "gnu++14";
				CLANG_CXX_LIBRARY = "libc++";
				CLANG_ENABLE_MODULES = YES;
				CLANG_ENABLE_OBJC_ARC = YES;
				CLANG_ENABLE_OBJC_WEAK = YES;
				CLANG_WARN_BLOCK_CAPTURE_AUTORELEASING = YES;
				CLANG_WARN_BOOL_CONVERSION = YES;
				CLANG_WARN_COMMA = YES;
				CLANG_WARN_CONSTANT_CONVERSION = YES;
				CLANG_WARN_DEPRECATED_OBJC_IMPLEMENTATIONS = YES;
				CLANG_WARN_DIRECT_OBJC_ISA_USAGE = YES_ERROR;
				CLANG_WARN_DOCUMENTATION_COMMENTS = YES;
				CLANG_WARN_EMPTY_BODY = YES;
				CLANG_WARN_ENUM_CONVERSION = YES;
				CLANG_WARN_INFINITE_RECURSION = YES;
				CLANG_WARN_INT_CONVERSION = YES;
				CLANG_WARN_NON_LITERAL_NULL_CONVERSION = YES;
				CLANG_WARN_OBJC_IMPLICIT_RETAIN_SELF = YES;
				CLANG_WARN_OBJC_LITERAL_CONVERSION = YES;
				CLANG_WARN_OBJC_ROOT_CLASS = YES_ERROR;
				CLANG_WARN_RANGE_LOOP_ANALYSIS = YES;
				CLANG_WARN_STRICT_PROTOTYPES = YES;
				CLANG_WARN_SUSPICIOUS_MOVE = YES;
				CLANG_WARN_UNGUARDED_AVAILABILITY = YES_AGGRESSIVE;
				CLANG_WARN_UNREACHABLE_CODE = YES;
				CLANG_WARN__DUPLICATE_METHOD_MATCH = YES;
				COPY_PHASE_STRIP = NO;
				DEBUG_INFORMATION_FORMAT = dwarf;
				ENABLE_STRICT_OBJC_MSGSEND = YES;
				ENABLE_TESTABILITY = YES;
				GCC_C_LANGUAGE_STANDARD = gnu11;
				GCC_DYNAMIC_NO_PIC = NO;
				GCC_NO_COMMON_BLOCKS = YES;
				GCC_OPTIMIZATION_LEVEL = 0;
				GCC_PREPROCESSOR_DEFINITIONS = (
					"DEBUG=1",
					"$(inherited)",
				);
				GCC_WARN_64_TO_32_BIT_CONVERSION = YES;
				GCC_WARN_ABOUT_RETURN_TYPE = YES_ERROR;
				GCC_WARN_UNDECLARED_SELECTOR = YES;
				GCC_WARN_UNINITIALIZED_AUTOS = YES_AGGRESSIVE;
				GCC_WARN_UNUSED_FUNCTION = YES;
				GCC_WARN_UNUSED_VARIABLE = YES;
				IPHONEOS_DEPLOYMENT_TARGET = 13.1;
				MTL_ENABLE_DEBUG_INFO = INCLUDE_SOURCE;
				MTL_FAST_MATH = YES;
				ONLY_ACTIVE_ARCH = YES;
				SDKROOT = iphoneos;
				SWIFT_ACTIVE_COMPILATION_CONDITIONS = DEBUG;
				SWIFT_OPTIMIZATION_LEVEL = "-Onone";
			};
			name = Debug;
		};
		526C9F2323A32956007F10A3 /* Release */ = {
			isa = XCBuildConfiguration;
			buildSettings = {
				ALWAYS_SEARCH_USER_PATHS = NO;
				CLANG_ANALYZER_NONNULL = YES;
				CLANG_ANALYZER_NUMBER_OBJECT_CONVERSION = YES_AGGRESSIVE;
				CLANG_CXX_LANGUAGE_STANDARD = "gnu++14";
				CLANG_CXX_LIBRARY = "libc++";
				CLANG_ENABLE_MODULES = YES;
				CLANG_ENABLE_OBJC_ARC = YES;
				CLANG_ENABLE_OBJC_WEAK = YES;
				CLANG_WARN_BLOCK_CAPTURE_AUTORELEASING = YES;
				CLANG_WARN_BOOL_CONVERSION = YES;
				CLANG_WARN_COMMA = YES;
				CLANG_WARN_CONSTANT_CONVERSION = YES;
				CLANG_WARN_DEPRECATED_OBJC_IMPLEMENTATIONS = YES;
				CLANG_WARN_DIRECT_OBJC_ISA_USAGE = YES_ERROR;
				CLANG_WARN_DOCUMENTATION_COMMENTS = YES;
				CLANG_WARN_EMPTY_BODY = YES;
				CLANG_WARN_ENUM_CONVERSION = YES;
				CLANG_WARN_INFINITE_RECURSION = YES;
				CLANG_WARN_INT_CONVERSION = YES;
				CLANG_WARN_NON_LITERAL_NULL_CONVERSION = YES;
				CLANG_WARN_OBJC_IMPLICIT_RETAIN_SELF = YES;
				CLANG_WARN_OBJC_LITERAL_CONVERSION = YES;
				CLANG_WARN_OBJC_ROOT_CLASS = YES_ERROR;
				CLANG_WARN_RANGE_LOOP_ANALYSIS = YES;
				CLANG_WARN_STRICT_PROTOTYPES = YES;
				CLANG_WARN_SUSPICIOUS_MOVE = YES;
				CLANG_WARN_UNGUARDED_AVAILABILITY = YES_AGGRESSIVE;
				CLANG_WARN_UNREACHABLE_CODE = YES;
				CLANG_WARN__DUPLICATE_METHOD_MATCH = YES;
				COPY_PHASE_STRIP = NO;
				DEBUG_INFORMATION_FORMAT = "dwarf-with-dsym";
				ENABLE_NS_ASSERTIONS = NO;
				ENABLE_STRICT_OBJC_MSGSEND = YES;
				GCC_C_LANGUAGE_STANDARD = gnu11;
				GCC_NO_COMMON_BLOCKS = YES;
				GCC_WARN_64_TO_32_BIT_CONVERSION = YES;
				GCC_WARN_ABOUT_RETURN_TYPE = YES_ERROR;
				GCC_WARN_UNDECLARED_SELECTOR = YES;
				GCC_WARN_UNINITIALIZED_AUTOS = YES_AGGRESSIVE;
				GCC_WARN_UNUSED_FUNCTION = YES;
				GCC_WARN_UNUSED_VARIABLE = YES;
				IPHONEOS_DEPLOYMENT_TARGET = 13.1;
				MTL_ENABLE_DEBUG_INFO = NO;
				MTL_FAST_MATH = YES;
				SDKROOT = iphoneos;
				SWIFT_COMPILATION_MODE = wholemodule;
				SWIFT_OPTIMIZATION_LEVEL = "-O";
				VALIDATE_PRODUCT = YES;
			};
			name = Release;
		};
		526C9F2523A32956007F10A3 /* Debug */ = {
			isa = XCBuildConfiguration;
			buildSettings = {
				ASSETCATALOG_COMPILER_APPICON_NAME = AppIcon;
				CODE_SIGN_STYLE = Automatic;
				INFOPLIST_FILE = Landscape/Info.plist;
				LD_RUNPATH_SEARCH_PATHS = (
					"$(inherited)",
					"@executable_path/Frameworks",
				);
				PRODUCT_BUNDLE_IDENTIFIER = com.YZY.Landscape;
				PRODUCT_NAME = "$(TARGET_NAME)";
				SWIFT_VERSION = 5.0;
				TARGETED_DEVICE_FAMILY = "1,2";
			};
			name = Debug;
		};
		526C9F2623A32956007F10A3 /* Release */ = {
			isa = XCBuildConfiguration;
			buildSettings = {
				ASSETCATALOG_COMPILER_APPICON_NAME = AppIcon;
				CODE_SIGN_STYLE = Automatic;
				INFOPLIST_FILE = Landscape/Info.plist;
				LD_RUNPATH_SEARCH_PATHS = (
					"$(inherited)",
					"@executable_path/Frameworks",
				);
				PRODUCT_BUNDLE_IDENTIFIER = com.YZY.Landscape;
				PRODUCT_NAME = "$(TARGET_NAME)";
				SWIFT_VERSION = 5.0;
				TARGETED_DEVICE_FAMILY = "1,2";
			};
			name = Release;
		};
/* End XCBuildConfiguration section */

/* Begin XCConfigurationList section */
		526C9F0B23A32951007F10A3 /* Build configuration list for PBXProject "Landscape" */ = {
			isa = XCConfigurationList;
			buildConfigurations = (
				526C9F2223A32956007F10A3 /* Debug */,
				526C9F2323A32956007F10A3 /* Release */,
			);
			defaultConfigurationIsVisible = 0;
			defaultConfigurationName = Release;
		};
		526C9F2423A32956007F10A3 /* Build configuration list for PBXNativeTarget "Landscape" */ = {
			isa = XCConfigurationList;
			buildConfigurations = (
				526C9F2523A32956007F10A3 /* Debug */,
				526C9F2623A32956007F10A3 /* Release */,
			);
			defaultConfigurationIsVisible = 0;
			defaultConfigurationName = Release;
		};
/* End XCConfigurationList section */
	};
	rootObject = 526C9F0823A32951007F10A3 /* Project object */;
}
